
Microsoft Visual Studio Solution File, Format Version 12.00
# Visual Studio 15
VisualStudioVersion = 15.0.27130.0
MinimumVisualStudioVersion = 10.0.40219.1
Project("{FAE04EC0-301F-11D3-BF4B-00C04F79EFBC}") = "Num-Name", "Simple-Exercises\Num-Name.csproj", "{4FF40A55-94CF-4A6B-9DAC-545CB37895D1}"
EndProject
Project("{FAE04EC0-301F-11D3-BF4B-00C04F79EFBC}") = "Quadratic-Equation", "Quadratic-Equation\Quadratic-Equation.csproj", "{D35ADC3F-5270-4B54-B708-CFD4902BE23B}"
EndProject
Project("{FAE04EC0-301F-11D3-BF4B-00C04F79EFBC}") = "Five-Numbers-Find-Bigger", "Five-Numbers-Find-Bigger\Five-Numbers-Find-Bigger.csproj", "{C0C792FC-3149-42C4-98AF-819B5B3E3C64}"
EndProject
Project("{FAE04EC0-301F-11D3-BF4B-00C04F79EFBC}") = "Input-Variable-Type", "Input-Variable-Type\Input-Variable-Type.csproj", "{FA41CD5F-A00D-4DD5-966B-44C2E807BCE3}"
EndProject
Project("{FAE04EC0-301F-11D3-BF4B-00C04F79EFBC}") = "Five-Numbers-to-Sum-Zero", "Five-Numbers-to-Sum-Zero\Five-Numbers-to-Sum-Zero.csproj", "{04FFD260-685E-4C1D-8AD5-27AEBB195D2B}"
EndProject
Project("{FAE04EC0-301F-11D3-BF4B-00C04F79EFBC}") = "Bonus-Score", "Bonus-Score\Bonus-Score.csproj", "{F9F4FE5D-9E35-4829-BC95-542B8359DB00}"
EndProject
Project("{FAE04EC0-301F-11D3-BF4B-00C04F79EFBC}") = "Numbers-from-One-to-One-Hundred", "Numbers-from-One-to-One-Hundred\Numbers-from-One-to-One-Hundred.csproj", "{891A3B9E-1A28-471A-B6F0-6496451D1595}"
EndProject
Project("{FAE04EC0-301F-11D3-BF4B-00C04F79EFBC}") = "Check-And-Swap-Integers", "Check-And-Swap-Integers\Check-And-Swap-Integers.csproj", "{AD087E65-9174-4C85-9517-6AC853409ABD}"
EndProject
Project("{FAE04EC0-301F-11D3-BF4B-00C04F79EFBC}") = "Show-Negative-Or-Positive", "Show-Negative-Or-Positive\Show-Negative-Or-Positive.csproj", "{D73C8C38-2C12-48EE-931E-D7B8FDD2C3FD}"
EndProject
Project("{FAE04EC0-301F-11D3-BF4B-00C04F79EFBC}") = "Find-Max-Number", "Find-Max-Number\Find-Max-Number.csproj", "{BDDB64FC-7A9F-4D83-94E1-D1A3F2B3440C}"
EndProject
Project("{FAE04EC0-301F-11D3-BF4B-00C04F79EFBC}") = "Sort-Numbers", "Sort-Numbers\Sort-Numbers.csproj", "{98473924-6349-4A2E-87D7-6DED9C10AF30}"
EndProject
Global
	GlobalSection(SolutionConfigurationPlatforms) = preSolution
		Debug|Any CPU = Debug|Any CPU
		Release|Any CPU = Release|Any CPU
	EndGlobalSection
	GlobalSection(ProjectConfigurationPlatforms) = postSolution
		{4FF40A55-94CF-4A6B-9DAC-545CB37895D1}.Debug|Any CPU.ActiveCfg = Debug|Any CPU
		{4FF40A55-94CF-4A6B-9DAC-545CB37895D1}.Debug|Any CPU.Build.0 = Debug|Any CPU
		{4FF40A55-94CF-4A6B-9DAC-545CB37895D1}.Release|Any CPU.ActiveCfg = Release|Any CPU
		{4FF40A55-94CF-4A6B-9DAC-545CB37895D1}.Release|Any CPU.Build.0 = Release|Any CPU
		{D35ADC3F-5270-4B54-B708-CFD4902BE23B}.Debug|Any CPU.ActiveCfg = Debug|Any CPU
		{D35ADC3F-5270-4B54-B708-CFD4902BE23B}.Debug|Any CPU.Build.0 = Debug|Any CPU
		{D35ADC3F-5270-4B54-B708-CFD4902BE23B}.Release|Any CPU.ActiveCfg = Release|Any CPU
		{D35ADC3F-5270-4B54-B708-CFD4902BE23B}.Release|Any CPU.Build.0 = Release|Any CPU
		{C0C792FC-3149-42C4-98AF-819B5B3E3C64}.Debug|Any CPU.ActiveCfg = Debug|Any CPU
		{C0C792FC-3149-42C4-98AF-819B5B3E3C64}.Debug|Any CPU.Build.0 = Debug|Any CPU
		{C0C792FC-3149-42C4-98AF-819B5B3E3C64}.Release|Any CPU.ActiveCfg = Release|Any CPU
		{C0C792FC-3149-42C4-98AF-819B5B3E3C64}.Release|Any CPU.Build.0 = Release|Any CPU
		{FA41CD5F-A00D-4DD5-966B-44C2E807BCE3}.Debug|Any CPU.ActiveCfg = Debug|Any CPU
		{FA41CD5F-A00D-4DD5-966B-44C2E807BCE3}.Debug|Any CPU.Build.0 = Debug|Any CPU
		{FA41CD5F-A00D-4DD5-966B-44C2E807BCE3}.Release|Any CPU.ActiveCfg = Release|Any CPU
		{FA41CD5F-A00D-4DD5-966B-44C2E807BCE3}.Release|Any CPU.Build.0 = Release|Any CPU
		{04FFD260-685E-4C1D-8AD5-27AEBB195D2B}.Debug|Any CPU.ActiveCfg = Debug|Any CPU
		{04FFD260-685E-4C1D-8AD5-27AEBB195D2B}.Debug|Any CPU.Build.0 = Debug|Any CPU
		{04FFD260-685E-4C1D-8AD5-27AEBB195D2B}.Release|Any CPU.ActiveCfg = Release|Any CPU
		{04FFD260-685E-4C1D-8AD5-27AEBB195D2B}.Release|Any CPU.Build.0 = Release|Any CPU
		{F9F4FE5D-9E35-4829-BC95-542B8359DB00}.Debug|Any CPU.ActiveCfg = Debug|Any CPU
		{F9F4FE5D-9E35-4829-BC95-542B8359DB00}.Debug|Any CPU.Build.0 = Debug|Any CPU
		{F9F4FE5D-9E35-4829-BC95-542B8359DB00}.Release|Any CPU.ActiveCfg = Release|Any CPU
		{F9F4FE5D-9E35-4829-BC95-542B8359DB00}.Release|Any CPU.Build.0 = Release|Any CPU
		{891A3B9E-1A28-471A-B6F0-6496451D1595}.Debug|Any CPU.ActiveCfg = Debug|Any CPU
		{891A3B9E-1A28-471A-B6F0-6496451D1595}.Debug|Any CPU.Build.0 = Debug|Any CPU
		{891A3B9E-1A28-471A-B6F0-6496451D1595}.Release|Any CPU.ActiveCfg = Release|Any CPU
		{891A3B9E-1A28-471A-B6F0-6496451D1595}.Release|Any CPU.Build.0 = Release|Any CPU
		{AD087E65-9174-4C85-9517-6AC853409ABD}.Debug|Any CPU.ActiveCfg = Debug|Any CPU
		{AD087E65-9174-4C85-9517-6AC853409ABD}.Debug|Any CPU.Build.0 = Debug|Any CPU
		{AD087E65-9174-4C85-9517-6AC853409ABD}.Release|Any CPU.ActiveCfg = Release|Any CPU
		{AD087E65-9174-4C85-9517-6AC853409ABD}.Release|Any CPU.Build.0 = Release|Any CPU
		{D73C8C38-2C12-48EE-931E-D7B8FDD2C3FD}.Debug|Any CPU.ActiveCfg = Debug|Any CPU
		{D73C8C38-2C12-48EE-931E-D7B8FDD2C3FD}.Debug|Any CPU.Build.0 = Debug|Any CPU
		{D73C8C38-2C12-48EE-931E-D7B8FDD2C3FD}.Release|Any CPU.ActiveCfg = Release|Any CPU
		{D73C8C38-2C12-48EE-931E-D7B8FDD2C3FD}.Release|Any CPU.Build.0 = Release|Any CPU
		{BDDB64FC-7A9F-4D83-94E1-D1A3F2B3440C}.Debug|Any CPU.ActiveCfg = Debug|Any CPU
		{BDDB64FC-7A9F-4D83-94E1-D1A3F2B3440C}.Debug|Any CPU.Build.0 = Debug|Any CPU
		{BDDB64FC-7A9F-4D83-94E1-D1A3F2B3440C}.Release|Any CPU.ActiveCfg = Release|Any CPU
		{BDDB64FC-7A9F-4D83-94E1-D1A3F2B3440C}.Release|Any CPU.Build.0 = Release|Any CPU
		{98473924-6349-4A2E-87D7-6DED9C10AF30}.Debug|Any CPU.ActiveCfg = Debug|Any CPU
		{98473924-6349-4A2E-87D7-6DED9C10AF30}.Debug|Any CPU.Build.0 = Debug|Any CPU
		{98473924-6349-4A2E-87D7-6DED9C10AF30}.Release|Any CPU.ActiveCfg = Release|Any CPU
		{98473924-6349-4A2E-87D7-6DED9C10AF30}.Release|Any CPU.Build.0 = Release|Any CPU
	EndGlobalSection
	GlobalSection(SolutionProperties) = preSolution
		HideSolutionNode = FALSE
	EndGlobalSection
	GlobalSection(ExtensibilityGlobals) = postSolution
		SolutionGuid = {880C7570-3A0F-411D-AAC8-7B6CB34663EC}
	EndGlobalSection
EndGlobal
