
Microsoft Visual Studio Solution File, Format Version 12.00
# Visual Studio 15
VisualStudioVersion = 15.0.27130.0
MinimumVisualStudioVersion = 10.0.40219.1
Project("{FAE04EC0-301F-11D3-BF4B-00C04F79EFBC}") = "Replace-Integer", "Intro-CSharp-Book-Second-Head-Exercises\Replace-Integer.csproj", "{BAAB9C57-7269-4509-8756-E5B74975321C}"
EndProject
Project("{FAE04EC0-301F-11D3-BF4B-00C04F79EFBC}") = "Variables-Declaration", "Variables-Declaration\Variables-Declaration.csproj", "{0559C995-FC91-49A4-83E5-4E6C3F7CF03E}"
EndProject
Project("{FAE04EC0-301F-11D3-BF4B-00C04F79EFBC}") = "Float-Point-Variables", "Float-Point-Variables\Float-Point-Variables.csproj", "{6590E475-380C-450B-8555-6A389C56A012}"
EndProject
Project("{FAE04EC0-301F-11D3-BF4B-00C04F79EFBC}") = "Accurate-Calculations", "Accurate-Calculations\Accurate-Calculations.csproj", "{178C7C70-59C7-430F-B389-30FC222A0066}"
EndProject
Project("{FAE04EC0-301F-11D3-BF4B-00C04F79EFBC}") = "Hexadecimal-Num", "Hexadecimal-Num\Hexadecimal-Num.csproj", "{831FE27D-82BE-4F08-9463-2570892DF654}"
EndProject
Project("{FAE04EC0-301F-11D3-BF4B-00C04F79EFBC}") = "Number-To-Char", "Number-To-Char\Number-To-Char.csproj", "{C3BB5D44-4500-4691-B1E9-A8D26C52BFAB}"
EndProject
Project("{FAE04EC0-301F-11D3-BF4B-00C04F79EFBC}") = "Is-Male-Bool", "Is-Male-Bool\Is-Male-Bool.csproj", "{660BFF69-045A-41DA-9AFF-192394B8796B}"
EndProject
Project("{FAE04EC0-301F-11D3-BF4B-00C04F79EFBC}") = "String-Concatenate", "String-Concatenate\String-Concatenate.csproj", "{E6249329-0322-4F58-A0FC-B6B145C901B2}"
EndProject
Project("{FAE04EC0-301F-11D3-BF4B-00C04F79EFBC}") = "String-Concatenate-2", "String-Concatenate-2\String-Concatenate-2.csproj", "{3698707D-6D40-419C-93F9-87ACC44A5433}"
EndProject
Project("{FAE04EC0-301F-11D3-BF4B-00C04F79EFBC}") = "String-Concatenate-3", "String-Concatenate-3\String-Concatenate-3.csproj", "{C7AF5B95-D00A-4F35-B2B6-2374C8D71BC1}"
EndProject
Project("{FAE04EC0-301F-11D3-BF4B-00C04F79EFBC}") = "Print-Heart", "Print-Heart\Print-Heart.csproj", "{1A4A6704-05B6-4F4A-9923-AA66C92DFBEA}"
EndProject
Project("{FAE04EC0-301F-11D3-BF4B-00C04F79EFBC}") = "Print-Triangle", "Print-Triangle\Print-Triangle.csproj", "{D1CF969E-CBBE-4CE8-A62E-487757734B4D}"
EndProject
Project("{FAE04EC0-301F-11D3-BF4B-00C04F79EFBC}") = "Employee-Data", "Employee-Data\Employee-Data.csproj", "{5AECAB99-98AC-4EAC-86C0-D3B43918A419}"
EndProject
Global
	GlobalSection(SolutionConfigurationPlatforms) = preSolution
		Debug|Any CPU = Debug|Any CPU
		Release|Any CPU = Release|Any CPU
	EndGlobalSection
	GlobalSection(ProjectConfigurationPlatforms) = postSolution
		{BAAB9C57-7269-4509-8756-E5B74975321C}.Debug|Any CPU.ActiveCfg = Debug|Any CPU
		{BAAB9C57-7269-4509-8756-E5B74975321C}.Debug|Any CPU.Build.0 = Debug|Any CPU
		{BAAB9C57-7269-4509-8756-E5B74975321C}.Release|Any CPU.ActiveCfg = Release|Any CPU
		{BAAB9C57-7269-4509-8756-E5B74975321C}.Release|Any CPU.Build.0 = Release|Any CPU
		{0559C995-FC91-49A4-83E5-4E6C3F7CF03E}.Debug|Any CPU.ActiveCfg = Debug|Any CPU
		{0559C995-FC91-49A4-83E5-4E6C3F7CF03E}.Debug|Any CPU.Build.0 = Debug|Any CPU
		{0559C995-FC91-49A4-83E5-4E6C3F7CF03E}.Release|Any CPU.ActiveCfg = Release|Any CPU
		{0559C995-FC91-49A4-83E5-4E6C3F7CF03E}.Release|Any CPU.Build.0 = Release|Any CPU
		{6590E475-380C-450B-8555-6A389C56A012}.Debug|Any CPU.ActiveCfg = Debug|Any CPU
		{6590E475-380C-450B-8555-6A389C56A012}.Debug|Any CPU.Build.0 = Debug|Any CPU
		{6590E475-380C-450B-8555-6A389C56A012}.Release|Any CPU.ActiveCfg = Release|Any CPU
		{6590E475-380C-450B-8555-6A389C56A012}.Release|Any CPU.Build.0 = Release|Any CPU
		{178C7C70-59C7-430F-B389-30FC222A0066}.Debug|Any CPU.ActiveCfg = Debug|Any CPU
		{178C7C70-59C7-430F-B389-30FC222A0066}.Debug|Any CPU.Build.0 = Debug|Any CPU
		{178C7C70-59C7-430F-B389-30FC222A0066}.Release|Any CPU.ActiveCfg = Release|Any CPU
		{178C7C70-59C7-430F-B389-30FC222A0066}.Release|Any CPU.Build.0 = Release|Any CPU
		{831FE27D-82BE-4F08-9463-2570892DF654}.Debug|Any CPU.ActiveCfg = Debug|Any CPU
		{831FE27D-82BE-4F08-9463-2570892DF654}.Debug|Any CPU.Build.0 = Debug|Any CPU
		{831FE27D-82BE-4F08-9463-2570892DF654}.Release|Any CPU.ActiveCfg = Release|Any CPU
		{831FE27D-82BE-4F08-9463-2570892DF654}.Release|Any CPU.Build.0 = Release|Any CPU
		{C3BB5D44-4500-4691-B1E9-A8D26C52BFAB}.Debug|Any CPU.ActiveCfg = Debug|Any CPU
		{C3BB5D44-4500-4691-B1E9-A8D26C52BFAB}.Debug|Any CPU.Build.0 = Debug|Any CPU
		{C3BB5D44-4500-4691-B1E9-A8D26C52BFAB}.Release|Any CPU.ActiveCfg = Release|Any CPU
		{C3BB5D44-4500-4691-B1E9-A8D26C52BFAB}.Release|Any CPU.Build.0 = Release|Any CPU
		{660BFF69-045A-41DA-9AFF-192394B8796B}.Debug|Any CPU.ActiveCfg = Debug|Any CPU
		{660BFF69-045A-41DA-9AFF-192394B8796B}.Debug|Any CPU.Build.0 = Debug|Any CPU
		{660BFF69-045A-41DA-9AFF-192394B8796B}.Release|Any CPU.ActiveCfg = Release|Any CPU
		{660BFF69-045A-41DA-9AFF-192394B8796B}.Release|Any CPU.Build.0 = Release|Any CPU
		{E6249329-0322-4F58-A0FC-B6B145C901B2}.Debug|Any CPU.ActiveCfg = Debug|Any CPU
		{E6249329-0322-4F58-A0FC-B6B145C901B2}.Debug|Any CPU.Build.0 = Debug|Any CPU
		{E6249329-0322-4F58-A0FC-B6B145C901B2}.Release|Any CPU.ActiveCfg = Release|Any CPU
		{E6249329-0322-4F58-A0FC-B6B145C901B2}.Release|Any CPU.Build.0 = Release|Any CPU
		{3698707D-6D40-419C-93F9-87ACC44A5433}.Debug|Any CPU.ActiveCfg = Debug|Any CPU
		{3698707D-6D40-419C-93F9-87ACC44A5433}.Debug|Any CPU.Build.0 = Debug|Any CPU
		{3698707D-6D40-419C-93F9-87ACC44A5433}.Release|Any CPU.ActiveCfg = Release|Any CPU
		{3698707D-6D40-419C-93F9-87ACC44A5433}.Release|Any CPU.Build.0 = Release|Any CPU
		{C7AF5B95-D00A-4F35-B2B6-2374C8D71BC1}.Debug|Any CPU.ActiveCfg = Debug|Any CPU
		{C7AF5B95-D00A-4F35-B2B6-2374C8D71BC1}.Debug|Any CPU.Build.0 = Debug|Any CPU
		{C7AF5B95-D00A-4F35-B2B6-2374C8D71BC1}.Release|Any CPU.ActiveCfg = Release|Any CPU
		{C7AF5B95-D00A-4F35-B2B6-2374C8D71BC1}.Release|Any CPU.Build.0 = Release|Any CPU
		{1A4A6704-05B6-4F4A-9923-AA66C92DFBEA}.Debug|Any CPU.ActiveCfg = Debug|Any CPU
		{1A4A6704-05B6-4F4A-9923-AA66C92DFBEA}.Debug|Any CPU.Build.0 = Debug|Any CPU
		{1A4A6704-05B6-4F4A-9923-AA66C92DFBEA}.Release|Any CPU.ActiveCfg = Release|Any CPU
		{1A4A6704-05B6-4F4A-9923-AA66C92DFBEA}.Release|Any CPU.Build.0 = Release|Any CPU
		{D1CF969E-CBBE-4CE8-A62E-487757734B4D}.Debug|Any CPU.ActiveCfg = Debug|Any CPU
		{D1CF969E-CBBE-4CE8-A62E-487757734B4D}.Debug|Any CPU.Build.0 = Debug|Any CPU
		{D1CF969E-CBBE-4CE8-A62E-487757734B4D}.Release|Any CPU.ActiveCfg = Release|Any CPU
		{D1CF969E-CBBE-4CE8-A62E-487757734B4D}.Release|Any CPU.Build.0 = Release|Any CPU
		{5AECAB99-98AC-4EAC-86C0-D3B43918A419}.Debug|Any CPU.ActiveCfg = Debug|Any CPU
		{5AECAB99-98AC-4EAC-86C0-D3B43918A419}.Debug|Any CPU.Build.0 = Debug|Any CPU
		{5AECAB99-98AC-4EAC-86C0-D3B43918A419}.Release|Any CPU.ActiveCfg = Release|Any CPU
		{5AECAB99-98AC-4EAC-86C0-D3B43918A419}.Release|Any CPU.Build.0 = Release|Any CPU
	EndGlobalSection
	GlobalSection(SolutionProperties) = preSolution
		HideSolutionNode = FALSE
	EndGlobalSection
	GlobalSection(ExtensibilityGlobals) = postSolution
		SolutionGuid = {83DD4380-7AA2-4399-976D-A1FA04322127}
	EndGlobalSection
EndGlobal
